
Microsoft Visual Studio Solution File, Format Version 12.00
# Visual Studio 2013
VisualStudioVersion = 12.0.31101.0
MinimumVisualStudioVersion = 10.0.40219.1
Project("{FAE04EC0-301F-11D3-BF4B-00C04F79EFBC}") = "ClientAgent", "ClientAgent\ClientAgent.csproj", "{393A9EFB-A0E6-41A7-A5D2-6D44FB8DDDF0}"
EndProject
Project("{FAE04EC0-301F-11D3-BF4B-00C04F79EFBC}") = "Server", "Server\Server.csproj", "{03F34B89-AF66-4D36-9E05-7574FC29FE4B}"
EndProject
Project("{FAE04EC0-301F-11D3-BF4B-00C04F79EFBC}") = "ClientServerCommunication", "ClientServerCommunication\ClientServerCommunication.csproj", "{7E87AF0B-6FD2-438D-A795-A6B7D6194CD8}"
EndProject
Project("{FAE04EC0-301F-11D3-BF4B-00C04F79EFBC}") = "Core.Component", "Core.Component\Core.Component.csproj", "{3CBFF49B-E085-49AF-8AA5-E3BAB177B179}"
EndProject
Project("{FAE04EC0-301F-11D3-BF4B-00C04F79EFBC}") = "Core.Network", "Core.Network\Core.Network.csproj", "{B1B4B865-F61C-4ED7-93EC-01C6339A82B6}"
EndProject
Project("{FAE04EC0-301F-11D3-BF4B-00C04F79EFBC}") = "ConsoleGUI", "ConsoleGUI\ConsoleGUI.csproj", "{E292D312-E896-405F-980D-6D46491C4914}"
EndProject
Project("{2150E333-8FDC-42A3-9474-1A3956D46DE8}") = "Components", "Components", "{CAB5718B-7285-4C0D-AB62-53401643FB08}"
EndProject
Project("{FAE04EC0-301F-11D3-BF4B-00C04F79EFBC}") = "UserInterface", "UserInterface\UserInterface.csproj", "{6D511E3C-81AC-46E9-ACD2-5CC4A7125503}"
EndProject
Project("{FAE04EC0-301F-11D3-BF4B-00C04F79EFBC}") = "Add", "Components\Add\Add.csproj", "{E8EEFF23-9797-464D-9406-50E5E548DF25}"
EndProject
Project("{FAE04EC0-301F-11D3-BF4B-00C04F79EFBC}") = "ConsoleOutput", "Components\ConsoleOutput\ConsoleOutput.csproj", "{F8E46E7D-0419-4ED4-AAF0-040BF7A57E36}"
EndProject
Project("{FAE04EC0-301F-11D3-BF4B-00C04F79EFBC}") = "ConvertDoubleToString", "Components\ConvertDoubleToString\ConvertDoubleToString.csproj", "{A11B246A-8E52-4932-BAA7-3FF07884135D}"
EndProject
Project("{FAE04EC0-301F-11D3-BF4B-00C04F79EFBC}") = "ConvertIntToString", "Components\ConvertIntToString\ConvertIntToString.csproj", "{D0F3A199-874F-4D86-B62B-947F12FEA9A1}"
EndProject
Project("{FAE04EC0-301F-11D3-BF4B-00C04F79EFBC}") = "ConvertStringToDouble", "Components\ConvertStringToDouble\ConvertStringToDouble.csproj", "{4EE0575C-8B21-4F88-A7B9-09A4FF7CCE0B}"
EndProject
Project("{FAE04EC0-301F-11D3-BF4B-00C04F79EFBC}") = "ConvertStringToInt", "Components\ConvertStringToInt\ConvertStringToInt.csproj", "{B699C085-65C7-4EE3-99EE-B337AE730316}"
EndProject
Project("{FAE04EC0-301F-11D3-BF4B-00C04F79EFBC}") = "ConvertUintToString", "Components\ConvertUintToString\ConvertUintToString.csproj", "{247EB124-A70A-4441-9173-0A17516AC509}"
EndProject
Project("{FAE04EC0-301F-11D3-BF4B-00C04F79EFBC}") = "Div", "Components\Div\Div.csproj", "{543AE3CD-5151-414B-AD2B-E427E48541FC}"
EndProject
Project("{FAE04EC0-301F-11D3-BF4B-00C04F79EFBC}") = "Mod", "Components\Mod\Mod.csproj", "{148C1F14-7634-49E3-934A-BC0030D9EF94}"
EndProject
Project("{FAE04EC0-301F-11D3-BF4B-00C04F79EFBC}") = "Mul", "Components\Mul\Mul.csproj", "{2C211688-4F6A-4652-ACC7-DD7C887AE83D}"
EndProject
Project("{FAE04EC0-301F-11D3-BF4B-00C04F79EFBC}") = "Power", "Components\Power\Power.csproj", "{D3CB5E64-FF9C-463C-9095-E11859B7300A}"
EndProject
Project("{FAE04EC0-301F-11D3-BF4B-00C04F79EFBC}") = "Squrt", "Components\Sqrt\Squrt.csproj", "{8355CD6C-D752-471D-9288-F9EE794792CE}"
EndProject
Project("{FAE04EC0-301F-11D3-BF4B-00C04F79EFBC}") = "Logn", "Components\Log\Logn.csproj", "{065BF0EC-C9FE-4964-9B84-D99020497A0F}"
EndProject
Project("{FAE04EC0-301F-11D3-BF4B-00C04F79EFBC}") = "LogBase", "Components\LogBase\LogBase.csproj", "{953D87D9-D931-4B74-B71A-B37E41E607B0}"
EndProject
Project("{FAE04EC0-301F-11D3-BF4B-00C04F79EFBC}") = "Sub", "Components\substration\Sub.csproj", "{F63AA84C-ED38-4312-BB04-38BB8F584A0F}"
EndProject
Project("{FAE04EC0-301F-11D3-BF4B-00C04F79EFBC}") = "EFunction", "Components\EFunction\EFunction.csproj", "{B8ECCD7E-5E81-4F14-B2D9-31F9B068B7AA}"
EndProject
Project("{FAE04EC0-301F-11D3-BF4B-00C04F79EFBC}") = "Fibo", "Components\Fibo\Fibo.csproj", "{0AF667A3-6C03-4592-8BF4-72CD47BF661E}"
EndProject
Project("{FAE04EC0-301F-11D3-BF4B-00C04F79EFBC}") = "ConvertStringToUint", "Components\ConvertStringToUint\ConvertStringToUint.csproj", "{46584511-1FFD-4B7A-8D9E-5A0849DB5D84}"
EndProject
Project("{FAE04EC0-301F-11D3-BF4B-00C04F79EFBC}") = "ConsoleDoubleInput", "Components\ConsoleDoubleInput\ConsoleDoubleInput.csproj", "{E2B4C294-3146-4E2F-82B6-C6E0B624D3D7}"
EndProject
Project("{FAE04EC0-301F-11D3-BF4B-00C04F79EFBC}") = "ConsoleIntInput", "Components\ConsoleIntInput\ConsoleIntInput.csproj", "{28012576-2FD6-411A-8BF2-6B1982365279}"
EndProject
Project("{FAE04EC0-301F-11D3-BF4B-00C04F79EFBC}") = "ConsoleUintInput", "Components\ConsoleUintInput\ConsoleUintInput.csproj", "{F8E96161-3089-4FCB-AC2D-5B846576366D}"
EndProject
Project("{FAE04EC0-301F-11D3-BF4B-00C04F79EFBC}") = "ConsoleStringInput", "Components\ConsoleInput\ConsoleStringInput.csproj", "{4A488036-6E32-4546-B4E8-3AF572C09CD7}"
EndProject
Global
	GlobalSection(SolutionConfigurationPlatforms) = preSolution
		Debug|Any CPU = Debug|Any CPU
		Release|Any CPU = Release|Any CPU
	EndGlobalSection
	GlobalSection(ProjectConfigurationPlatforms) = postSolution
		{393A9EFB-A0E6-41A7-A5D2-6D44FB8DDDF0}.Debug|Any CPU.ActiveCfg = Debug|Any CPU
		{393A9EFB-A0E6-41A7-A5D2-6D44FB8DDDF0}.Debug|Any CPU.Build.0 = Debug|Any CPU
		{393A9EFB-A0E6-41A7-A5D2-6D44FB8DDDF0}.Release|Any CPU.ActiveCfg = Release|Any CPU
		{393A9EFB-A0E6-41A7-A5D2-6D44FB8DDDF0}.Release|Any CPU.Build.0 = Release|Any CPU
		{03F34B89-AF66-4D36-9E05-7574FC29FE4B}.Debug|Any CPU.ActiveCfg = Debug|Any CPU
		{03F34B89-AF66-4D36-9E05-7574FC29FE4B}.Debug|Any CPU.Build.0 = Debug|Any CPU
		{03F34B89-AF66-4D36-9E05-7574FC29FE4B}.Release|Any CPU.ActiveCfg = Release|Any CPU
		{03F34B89-AF66-4D36-9E05-7574FC29FE4B}.Release|Any CPU.Build.0 = Release|Any CPU
		{7E87AF0B-6FD2-438D-A795-A6B7D6194CD8}.Debug|Any CPU.ActiveCfg = Debug|Any CPU
		{7E87AF0B-6FD2-438D-A795-A6B7D6194CD8}.Debug|Any CPU.Build.0 = Debug|Any CPU
		{7E87AF0B-6FD2-438D-A795-A6B7D6194CD8}.Release|Any CPU.ActiveCfg = Release|Any CPU
		{7E87AF0B-6FD2-438D-A795-A6B7D6194CD8}.Release|Any CPU.Build.0 = Release|Any CPU
		{3CBFF49B-E085-49AF-8AA5-E3BAB177B179}.Debug|Any CPU.ActiveCfg = Debug|Any CPU
		{3CBFF49B-E085-49AF-8AA5-E3BAB177B179}.Debug|Any CPU.Build.0 = Debug|Any CPU
		{3CBFF49B-E085-49AF-8AA5-E3BAB177B179}.Release|Any CPU.ActiveCfg = Release|Any CPU
		{3CBFF49B-E085-49AF-8AA5-E3BAB177B179}.Release|Any CPU.Build.0 = Release|Any CPU
		{B1B4B865-F61C-4ED7-93EC-01C6339A82B6}.Debug|Any CPU.ActiveCfg = Debug|Any CPU
		{B1B4B865-F61C-4ED7-93EC-01C6339A82B6}.Debug|Any CPU.Build.0 = Debug|Any CPU
		{B1B4B865-F61C-4ED7-93EC-01C6339A82B6}.Release|Any CPU.ActiveCfg = Release|Any CPU
		{B1B4B865-F61C-4ED7-93EC-01C6339A82B6}.Release|Any CPU.Build.0 = Release|Any CPU
		{E292D312-E896-405F-980D-6D46491C4914}.Debug|Any CPU.ActiveCfg = Debug|Any CPU
		{E292D312-E896-405F-980D-6D46491C4914}.Debug|Any CPU.Build.0 = Debug|Any CPU
		{E292D312-E896-405F-980D-6D46491C4914}.Release|Any CPU.ActiveCfg = Release|Any CPU
		{E292D312-E896-405F-980D-6D46491C4914}.Release|Any CPU.Build.0 = Release|Any CPU
		{6D511E3C-81AC-46E9-ACD2-5CC4A7125503}.Debug|Any CPU.ActiveCfg = Debug|Any CPU
		{6D511E3C-81AC-46E9-ACD2-5CC4A7125503}.Debug|Any CPU.Build.0 = Debug|Any CPU
		{6D511E3C-81AC-46E9-ACD2-5CC4A7125503}.Release|Any CPU.ActiveCfg = Release|Any CPU
		{6D511E3C-81AC-46E9-ACD2-5CC4A7125503}.Release|Any CPU.Build.0 = Release|Any CPU
		{E8EEFF23-9797-464D-9406-50E5E548DF25}.Debug|Any CPU.ActiveCfg = Debug|Any CPU
		{E8EEFF23-9797-464D-9406-50E5E548DF25}.Debug|Any CPU.Build.0 = Debug|Any CPU
		{E8EEFF23-9797-464D-9406-50E5E548DF25}.Release|Any CPU.ActiveCfg = Release|Any CPU
		{E8EEFF23-9797-464D-9406-50E5E548DF25}.Release|Any CPU.Build.0 = Release|Any CPU
		{F8E46E7D-0419-4ED4-AAF0-040BF7A57E36}.Debug|Any CPU.ActiveCfg = Debug|Any CPU
		{F8E46E7D-0419-4ED4-AAF0-040BF7A57E36}.Debug|Any CPU.Build.0 = Debug|Any CPU
		{F8E46E7D-0419-4ED4-AAF0-040BF7A57E36}.Release|Any CPU.ActiveCfg = Release|Any CPU
		{F8E46E7D-0419-4ED4-AAF0-040BF7A57E36}.Release|Any CPU.Build.0 = Release|Any CPU
		{A11B246A-8E52-4932-BAA7-3FF07884135D}.Debug|Any CPU.ActiveCfg = Debug|Any CPU
		{A11B246A-8E52-4932-BAA7-3FF07884135D}.Debug|Any CPU.Build.0 = Debug|Any CPU
		{A11B246A-8E52-4932-BAA7-3FF07884135D}.Release|Any CPU.ActiveCfg = Release|Any CPU
		{A11B246A-8E52-4932-BAA7-3FF07884135D}.Release|Any CPU.Build.0 = Release|Any CPU
		{D0F3A199-874F-4D86-B62B-947F12FEA9A1}.Debug|Any CPU.ActiveCfg = Debug|Any CPU
		{D0F3A199-874F-4D86-B62B-947F12FEA9A1}.Debug|Any CPU.Build.0 = Debug|Any CPU
		{D0F3A199-874F-4D86-B62B-947F12FEA9A1}.Release|Any CPU.ActiveCfg = Release|Any CPU
		{D0F3A199-874F-4D86-B62B-947F12FEA9A1}.Release|Any CPU.Build.0 = Release|Any CPU
		{4EE0575C-8B21-4F88-A7B9-09A4FF7CCE0B}.Debug|Any CPU.ActiveCfg = Debug|Any CPU
		{4EE0575C-8B21-4F88-A7B9-09A4FF7CCE0B}.Debug|Any CPU.Build.0 = Debug|Any CPU
		{4EE0575C-8B21-4F88-A7B9-09A4FF7CCE0B}.Release|Any CPU.ActiveCfg = Release|Any CPU
		{4EE0575C-8B21-4F88-A7B9-09A4FF7CCE0B}.Release|Any CPU.Build.0 = Release|Any CPU
		{B699C085-65C7-4EE3-99EE-B337AE730316}.Debug|Any CPU.ActiveCfg = Debug|Any CPU
		{B699C085-65C7-4EE3-99EE-B337AE730316}.Debug|Any CPU.Build.0 = Debug|Any CPU
		{B699C085-65C7-4EE3-99EE-B337AE730316}.Release|Any CPU.ActiveCfg = Release|Any CPU
		{B699C085-65C7-4EE3-99EE-B337AE730316}.Release|Any CPU.Build.0 = Release|Any CPU
		{247EB124-A70A-4441-9173-0A17516AC509}.Debug|Any CPU.ActiveCfg = Debug|Any CPU
		{247EB124-A70A-4441-9173-0A17516AC509}.Debug|Any CPU.Build.0 = Debug|Any CPU
		{247EB124-A70A-4441-9173-0A17516AC509}.Release|Any CPU.ActiveCfg = Release|Any CPU
		{247EB124-A70A-4441-9173-0A17516AC509}.Release|Any CPU.Build.0 = Release|Any CPU
		{543AE3CD-5151-414B-AD2B-E427E48541FC}.Debug|Any CPU.ActiveCfg = Debug|Any CPU
		{543AE3CD-5151-414B-AD2B-E427E48541FC}.Debug|Any CPU.Build.0 = Debug|Any CPU
		{543AE3CD-5151-414B-AD2B-E427E48541FC}.Release|Any CPU.ActiveCfg = Release|Any CPU
		{543AE3CD-5151-414B-AD2B-E427E48541FC}.Release|Any CPU.Build.0 = Release|Any CPU
		{148C1F14-7634-49E3-934A-BC0030D9EF94}.Debug|Any CPU.ActiveCfg = Debug|Any CPU
		{148C1F14-7634-49E3-934A-BC0030D9EF94}.Debug|Any CPU.Build.0 = Debug|Any CPU
		{148C1F14-7634-49E3-934A-BC0030D9EF94}.Release|Any CPU.ActiveCfg = Release|Any CPU
		{148C1F14-7634-49E3-934A-BC0030D9EF94}.Release|Any CPU.Build.0 = Release|Any CPU
		{2C211688-4F6A-4652-ACC7-DD7C887AE83D}.Debug|Any CPU.ActiveCfg = Debug|Any CPU
		{2C211688-4F6A-4652-ACC7-DD7C887AE83D}.Debug|Any CPU.Build.0 = Debug|Any CPU
		{2C211688-4F6A-4652-ACC7-DD7C887AE83D}.Release|Any CPU.ActiveCfg = Release|Any CPU
		{2C211688-4F6A-4652-ACC7-DD7C887AE83D}.Release|Any CPU.Build.0 = Release|Any CPU
		{D3CB5E64-FF9C-463C-9095-E11859B7300A}.Debug|Any CPU.ActiveCfg = Debug|Any CPU
		{D3CB5E64-FF9C-463C-9095-E11859B7300A}.Debug|Any CPU.Build.0 = Debug|Any CPU
		{D3CB5E64-FF9C-463C-9095-E11859B7300A}.Release|Any CPU.ActiveCfg = Release|Any CPU
		{D3CB5E64-FF9C-463C-9095-E11859B7300A}.Release|Any CPU.Build.0 = Release|Any CPU
		{8355CD6C-D752-471D-9288-F9EE794792CE}.Debug|Any CPU.ActiveCfg = Debug|Any CPU
		{8355CD6C-D752-471D-9288-F9EE794792CE}.Debug|Any CPU.Build.0 = Debug|Any CPU
		{8355CD6C-D752-471D-9288-F9EE794792CE}.Release|Any CPU.ActiveCfg = Release|Any CPU
		{8355CD6C-D752-471D-9288-F9EE794792CE}.Release|Any CPU.Build.0 = Release|Any CPU
		{065BF0EC-C9FE-4964-9B84-D99020497A0F}.Debug|Any CPU.ActiveCfg = Debug|Any CPU
		{065BF0EC-C9FE-4964-9B84-D99020497A0F}.Debug|Any CPU.Build.0 = Debug|Any CPU
		{065BF0EC-C9FE-4964-9B84-D99020497A0F}.Release|Any CPU.ActiveCfg = Release|Any CPU
		{065BF0EC-C9FE-4964-9B84-D99020497A0F}.Release|Any CPU.Build.0 = Release|Any CPU
		{953D87D9-D931-4B74-B71A-B37E41E607B0}.Debug|Any CPU.ActiveCfg = Debug|Any CPU
		{953D87D9-D931-4B74-B71A-B37E41E607B0}.Debug|Any CPU.Build.0 = Debug|Any CPU
		{953D87D9-D931-4B74-B71A-B37E41E607B0}.Release|Any CPU.ActiveCfg = Release|Any CPU
		{953D87D9-D931-4B74-B71A-B37E41E607B0}.Release|Any CPU.Build.0 = Release|Any CPU
		{F63AA84C-ED38-4312-BB04-38BB8F584A0F}.Debug|Any CPU.ActiveCfg = Debug|Any CPU
		{F63AA84C-ED38-4312-BB04-38BB8F584A0F}.Debug|Any CPU.Build.0 = Debug|Any CPU
		{F63AA84C-ED38-4312-BB04-38BB8F584A0F}.Release|Any CPU.ActiveCfg = Release|Any CPU
		{F63AA84C-ED38-4312-BB04-38BB8F584A0F}.Release|Any CPU.Build.0 = Release|Any CPU
		{B8ECCD7E-5E81-4F14-B2D9-31F9B068B7AA}.Debug|Any CPU.ActiveCfg = Debug|Any CPU
		{B8ECCD7E-5E81-4F14-B2D9-31F9B068B7AA}.Debug|Any CPU.Build.0 = Debug|Any CPU
		{B8ECCD7E-5E81-4F14-B2D9-31F9B068B7AA}.Release|Any CPU.ActiveCfg = Release|Any CPU
		{B8ECCD7E-5E81-4F14-B2D9-31F9B068B7AA}.Release|Any CPU.Build.0 = Release|Any CPU
		{0AF667A3-6C03-4592-8BF4-72CD47BF661E}.Debug|Any CPU.ActiveCfg = Debug|Any CPU
		{0AF667A3-6C03-4592-8BF4-72CD47BF661E}.Debug|Any CPU.Build.0 = Debug|Any CPU
		{0AF667A3-6C03-4592-8BF4-72CD47BF661E}.Release|Any CPU.ActiveCfg = Release|Any CPU
		{0AF667A3-6C03-4592-8BF4-72CD47BF661E}.Release|Any CPU.Build.0 = Release|Any CPU
		{46584511-1FFD-4B7A-8D9E-5A0849DB5D84}.Debug|Any CPU.ActiveCfg = Debug|Any CPU
		{46584511-1FFD-4B7A-8D9E-5A0849DB5D84}.Debug|Any CPU.Build.0 = Debug|Any CPU
		{46584511-1FFD-4B7A-8D9E-5A0849DB5D84}.Release|Any CPU.ActiveCfg = Release|Any CPU
		{46584511-1FFD-4B7A-8D9E-5A0849DB5D84}.Release|Any CPU.Build.0 = Release|Any CPU
		{E2B4C294-3146-4E2F-82B6-C6E0B624D3D7}.Debug|Any CPU.ActiveCfg = Debug|Any CPU
		{E2B4C294-3146-4E2F-82B6-C6E0B624D3D7}.Debug|Any CPU.Build.0 = Debug|Any CPU
		{E2B4C294-3146-4E2F-82B6-C6E0B624D3D7}.Release|Any CPU.ActiveCfg = Release|Any CPU
		{E2B4C294-3146-4E2F-82B6-C6E0B624D3D7}.Release|Any CPU.Build.0 = Release|Any CPU
		{28012576-2FD6-411A-8BF2-6B1982365279}.Debug|Any CPU.ActiveCfg = Debug|Any CPU
		{28012576-2FD6-411A-8BF2-6B1982365279}.Debug|Any CPU.Build.0 = Debug|Any CPU
		{28012576-2FD6-411A-8BF2-6B1982365279}.Release|Any CPU.ActiveCfg = Release|Any CPU
		{28012576-2FD6-411A-8BF2-6B1982365279}.Release|Any CPU.Build.0 = Release|Any CPU
		{F8E96161-3089-4FCB-AC2D-5B846576366D}.Debug|Any CPU.ActiveCfg = Debug|Any CPU
		{F8E96161-3089-4FCB-AC2D-5B846576366D}.Debug|Any CPU.Build.0 = Debug|Any CPU
		{F8E96161-3089-4FCB-AC2D-5B846576366D}.Release|Any CPU.ActiveCfg = Release|Any CPU
		{F8E96161-3089-4FCB-AC2D-5B846576366D}.Release|Any CPU.Build.0 = Release|Any CPU
		{4A488036-6E32-4546-B4E8-3AF572C09CD7}.Debug|Any CPU.ActiveCfg = Debug|Any CPU
		{4A488036-6E32-4546-B4E8-3AF572C09CD7}.Debug|Any CPU.Build.0 = Debug|Any CPU
		{4A488036-6E32-4546-B4E8-3AF572C09CD7}.Release|Any CPU.ActiveCfg = Release|Any CPU
		{4A488036-6E32-4546-B4E8-3AF572C09CD7}.Release|Any CPU.Build.0 = Release|Any CPU
	EndGlobalSection
	GlobalSection(SolutionProperties) = preSolution
		HideSolutionNode = FALSE
	EndGlobalSection
	GlobalSection(NestedProjects) = preSolution
		{E8EEFF23-9797-464D-9406-50E5E548DF25} = {CAB5718B-7285-4C0D-AB62-53401643FB08}
		{F8E46E7D-0419-4ED4-AAF0-040BF7A57E36} = {CAB5718B-7285-4C0D-AB62-53401643FB08}
		{A11B246A-8E52-4932-BAA7-3FF07884135D} = {CAB5718B-7285-4C0D-AB62-53401643FB08}
		{D0F3A199-874F-4D86-B62B-947F12FEA9A1} = {CAB5718B-7285-4C0D-AB62-53401643FB08}
		{4EE0575C-8B21-4F88-A7B9-09A4FF7CCE0B} = {CAB5718B-7285-4C0D-AB62-53401643FB08}
		{B699C085-65C7-4EE3-99EE-B337AE730316} = {CAB5718B-7285-4C0D-AB62-53401643FB08}
		{247EB124-A70A-4441-9173-0A17516AC509} = {CAB5718B-7285-4C0D-AB62-53401643FB08}
		{543AE3CD-5151-414B-AD2B-E427E48541FC} = {CAB5718B-7285-4C0D-AB62-53401643FB08}
		{148C1F14-7634-49E3-934A-BC0030D9EF94} = {CAB5718B-7285-4C0D-AB62-53401643FB08}
		{2C211688-4F6A-4652-ACC7-DD7C887AE83D} = {CAB5718B-7285-4C0D-AB62-53401643FB08}
		{D3CB5E64-FF9C-463C-9095-E11859B7300A} = {CAB5718B-7285-4C0D-AB62-53401643FB08}
		{8355CD6C-D752-471D-9288-F9EE794792CE} = {CAB5718B-7285-4C0D-AB62-53401643FB08}
		{065BF0EC-C9FE-4964-9B84-D99020497A0F} = {CAB5718B-7285-4C0D-AB62-53401643FB08}
		{953D87D9-D931-4B74-B71A-B37E41E607B0} = {CAB5718B-7285-4C0D-AB62-53401643FB08}
		{F63AA84C-ED38-4312-BB04-38BB8F584A0F} = {CAB5718B-7285-4C0D-AB62-53401643FB08}
		{B8ECCD7E-5E81-4F14-B2D9-31F9B068B7AA} = {CAB5718B-7285-4C0D-AB62-53401643FB08}
		{0AF667A3-6C03-4592-8BF4-72CD47BF661E} = {CAB5718B-7285-4C0D-AB62-53401643FB08}
		{46584511-1FFD-4B7A-8D9E-5A0849DB5D84} = {CAB5718B-7285-4C0D-AB62-53401643FB08}
		{E2B4C294-3146-4E2F-82B6-C6E0B624D3D7} = {CAB5718B-7285-4C0D-AB62-53401643FB08}
		{28012576-2FD6-411A-8BF2-6B1982365279} = {CAB5718B-7285-4C0D-AB62-53401643FB08}
		{F8E96161-3089-4FCB-AC2D-5B846576366D} = {CAB5718B-7285-4C0D-AB62-53401643FB08}
		{4A488036-6E32-4546-B4E8-3AF572C09CD7} = {CAB5718B-7285-4C0D-AB62-53401643FB08}
	EndGlobalSection
EndGlobal
