
Microsoft Visual Studio Solution File, Format Version 12.00
# Visual Studio 2013
VisualStudioVersion = 12.0.31101.0
MinimumVisualStudioVersion = 10.0.40219.1
Project("{FAE04EC0-301F-11D3-BF4B-00C04F79EFBC}") = "ClientAgent", "ClientAgent\ClientAgent.csproj", "{393A9EFB-A0E6-41A7-A5D2-6D44FB8DDDF0}"
EndProject
Project("{FAE04EC0-301F-11D3-BF4B-00C04F79EFBC}") = "Server", "Server\Server.csproj", "{03F34B89-AF66-4D36-9E05-7574FC29FE4B}"
EndProject
Project("{FAE04EC0-301F-11D3-BF4B-00C04F79EFBC}") = "ClientServerCommunication", "ClientServerCommunication\ClientServerCommunication.csproj", "{7E87AF0B-6FD2-438D-A795-A6B7D6194CD8}"
EndProject
Project("{FAE04EC0-301F-11D3-BF4B-00C04F79EFBC}") = "Core.Component", "Core.Component\Core.Component.csproj", "{3CBFF49B-E085-49AF-8AA5-E3BAB177B179}"
EndProject
Project("{FAE04EC0-301F-11D3-BF4B-00C04F79EFBC}") = "Core.Network", "Core.Network\Core.Network.csproj", "{B1B4B865-F61C-4ED7-93EC-01C6339A82B6}"
EndProject
Project("{2150E333-8FDC-42A3-9474-1A3956D46DE8}") = "Components", "Components", "{477CEBB2-98D4-42C5-9580-31A58FECBD32}"
EndProject
Project("{FAE04EC0-301F-11D3-BF4B-00C04F79EFBC}") = "AddComponent", "AddComponent\AddComponent.csproj", "{3E449E80-BFEA-4C8B-B7C1-C9D39E5C1011}"
EndProject
Global
	GlobalSection(SolutionConfigurationPlatforms) = preSolution
		Debug|Any CPU = Debug|Any CPU
		Release|Any CPU = Release|Any CPU
	EndGlobalSection
	GlobalSection(ProjectConfigurationPlatforms) = postSolution
		{393A9EFB-A0E6-41A7-A5D2-6D44FB8DDDF0}.Debug|Any CPU.ActiveCfg = Debug|Any CPU
		{393A9EFB-A0E6-41A7-A5D2-6D44FB8DDDF0}.Debug|Any CPU.Build.0 = Debug|Any CPU
		{393A9EFB-A0E6-41A7-A5D2-6D44FB8DDDF0}.Release|Any CPU.ActiveCfg = Release|Any CPU
		{393A9EFB-A0E6-41A7-A5D2-6D44FB8DDDF0}.Release|Any CPU.Build.0 = Release|Any CPU
		{03F34B89-AF66-4D36-9E05-7574FC29FE4B}.Debug|Any CPU.ActiveCfg = Debug|Any CPU
		{03F34B89-AF66-4D36-9E05-7574FC29FE4B}.Debug|Any CPU.Build.0 = Debug|Any CPU
		{03F34B89-AF66-4D36-9E05-7574FC29FE4B}.Release|Any CPU.ActiveCfg = Release|Any CPU
		{03F34B89-AF66-4D36-9E05-7574FC29FE4B}.Release|Any CPU.Build.0 = Release|Any CPU
		{7E87AF0B-6FD2-438D-A795-A6B7D6194CD8}.Debug|Any CPU.ActiveCfg = Debug|Any CPU
		{7E87AF0B-6FD2-438D-A795-A6B7D6194CD8}.Debug|Any CPU.Build.0 = Debug|Any CPU
		{7E87AF0B-6FD2-438D-A795-A6B7D6194CD8}.Release|Any CPU.ActiveCfg = Release|Any CPU
		{7E87AF0B-6FD2-438D-A795-A6B7D6194CD8}.Release|Any CPU.Build.0 = Release|Any CPU
		{3CBFF49B-E085-49AF-8AA5-E3BAB177B179}.Debug|Any CPU.ActiveCfg = Debug|Any CPU
		{3CBFF49B-E085-49AF-8AA5-E3BAB177B179}.Debug|Any CPU.Build.0 = Debug|Any CPU
		{3CBFF49B-E085-49AF-8AA5-E3BAB177B179}.Release|Any CPU.ActiveCfg = Release|Any CPU
		{3CBFF49B-E085-49AF-8AA5-E3BAB177B179}.Release|Any CPU.Build.0 = Release|Any CPU
		{B1B4B865-F61C-4ED7-93EC-01C6339A82B6}.Debug|Any CPU.ActiveCfg = Debug|Any CPU
		{B1B4B865-F61C-4ED7-93EC-01C6339A82B6}.Debug|Any CPU.Build.0 = Debug|Any CPU
		{B1B4B865-F61C-4ED7-93EC-01C6339A82B6}.Release|Any CPU.ActiveCfg = Release|Any CPU
		{B1B4B865-F61C-4ED7-93EC-01C6339A82B6}.Release|Any CPU.Build.0 = Release|Any CPU
		{3E449E80-BFEA-4C8B-B7C1-C9D39E5C1011}.Debug|Any CPU.ActiveCfg = Debug|Any CPU
		{3E449E80-BFEA-4C8B-B7C1-C9D39E5C1011}.Debug|Any CPU.Build.0 = Debug|Any CPU
		{3E449E80-BFEA-4C8B-B7C1-C9D39E5C1011}.Release|Any CPU.ActiveCfg = Release|Any CPU
		{3E449E80-BFEA-4C8B-B7C1-C9D39E5C1011}.Release|Any CPU.Build.0 = Release|Any CPU
	EndGlobalSection
	GlobalSection(SolutionProperties) = preSolution
		HideSolutionNode = FALSE
	EndGlobalSection
	GlobalSection(NestedProjects) = preSolution
		{3E449E80-BFEA-4C8B-B7C1-C9D39E5C1011} = {477CEBB2-98D4-42C5-9580-31A58FECBD32}
	EndGlobalSection
EndGlobal
